PODS:
  - HHSelectPhoto (0.2.2):
    - HHUtils (= 0.3.6)
  - HHUtils (0.3.6)

DEPENDENCIES:
  - HHSelectPhoto (from `../`)

SPEC REPOS:
  https://github.com/michaelssman/HHSpecs.git:
    - HHUtils

EXTERNAL SOURCES:
  HHSelectPhoto:
    :path: "../"

SPEC CHECKSUMS:
  HHSelectPhoto: 1d5a27a23473352b0bb3ce1b096b889841fbe349
  HHUtils: 295d2c27fa65c149589308756347c002e93fab40

PODFILE CHECKSUM: e920a073ff6b48fba6425bedc9a84fb74ffafc14

COCOAPODS: 1.14.2
