PODS:
  - HHSelectPhoto (0.2.5):
    - HHUtils (= 0.3.8)
  - HHUtils (0.3.8)

DEPENDENCIES:
  - HHSelectPhoto (from `../`)

SPEC REPOS:
  https://github.com/michaelssman/HHSpecs.git:
    - HHUtils

EXTERNAL SOURCES:
  HHSelectPhoto:
    :path: "../"

SPEC CHECKSUMS:
  HHSelectPhoto: 1a469babe60ff56329dc8afb0ed64f6cc514e411
  HHUtils: fe840a7ff9a2cb98dd6bbea4168c8c6fef7e02c4

PODFILE CHECKSUM: e920a073ff6b48fba6425bedc9a84fb74ffafc14

COCOAPODS: 1.15.2
