PODS:
  - HHSelectPhoto (0.1.9):
    - HHUtils (= 0.3.6)
  - HHUtils (0.3.6)

DEPENDENCIES:
  - HHSelectPhoto (from `../`)

SPEC REPOS:
  https://github.com/michaelssman/HHSpecs.git:
    - HHUtils

EXTERNAL SOURCES:
  HHSelectPhoto:
    :path: "../"

SPEC CHECKSUMS:
  HHSelectPhoto: c385c82f168f3ba08d88890f3c20a34a253a0692
  HHUtils: 295d2c27fa65c149589308756347c002e93fab40

PODFILE CHECKSUM: e920a073ff6b48fba6425bedc9a84fb74ffafc14

COCOAPODS: 1.14.2
